
Microsoft Visual Studio Solution File, Format Version 12.00
# Visual Studio Version 16
VisualStudioVersion = 16.0.31129.286
MinimumVisualStudioVersion = 10.0.40219.1
Project("{FAE04EC0-301F-11D3-BF4B-00C04F79EFBC}") = "PU2", "PU2\PU2.csproj", "{9EB600F8-3BF3-4443-8D52-1700D38454D0}"
EndProject
Global
	GlobalSection(SolutionConfigurationPlatforms) = preSolution
		Debug|Any CPU = Debug|Any CPU
		Release|Any CPU = Release|Any CPU
	EndGlobalSection
	GlobalSection(ProjectConfigurationPlatforms) = postSolution
		{9EB600F8-3BF3-4443-8D52-1700D38454D0}.Debug|Any CPU.ActiveCfg = Debug|Any CPU
		{9EB600F8-3BF3-4443-8D52-1700D38454D0}.Debug|Any CPU.Build.0 = Debug|Any CPU
		{9EB600F8-3BF3-4443-8D52-1700D38454D0}.Release|Any CPU.ActiveCfg = Release|Any CPU
		{9EB600F8-3BF3-4443-8D52-1700D38454D0}.Release|Any CPU.Build.0 = Release|Any CPU
	EndGlobalSection
	GlobalSection(SolutionProperties) = preSolution
		HideSolutionNode = FALSE
	EndGlobalSection
	GlobalSection(ExtensibilityGlobals) = postSolution
		SolutionGuid = {C5BD050F-1456-4998-98BE-D320B4AE182C}
	EndGlobalSection
EndGlobal
